
Microsoft Visual Studio Solution File, Format Version 12.00
# Visual Studio Version 17
VisualStudioVersion = 17.13.35828.75 d17.13
MinimumVisualStudioVersion = 10.0.40219.1
Project("{2150E333-8FDC-42A3-9474-1A3956D46DE8}") = "src", "src", "{02EA681E-C7D8-13C7-8484-4AC65E1B71E8}"
EndProject
Project("{2150E333-8FDC-42A3-9474-1A3956D46DE8}") = "Infraestructure", "Infraestructure", "{4879A85C-0C32-4E2D-8219-A600B87BC6CE}"
EndProject
Project("{2150E333-8FDC-42A3-9474-1A3956D46DE8}") = "Presentation", "Presentation", "{E4DE205A-5417-4370-9D81-9F914BBFD3DD}"
EndProject
Project("{2150E333-8FDC-42A3-9474-1A3956D46DE8}") = "Core", "Core", "{9FCB3D99-1CAF-402E-9C6C-E13CF15E8330}"
EndProject
Project("{FAE04EC0-301F-11D3-BF4B-00C04F79EFBC}") = "Aplication", "Aplication\Aplication.csproj", "{DA04CFF6-D2CA-408C-ABBB-33DBA74618A5}"
EndProject
Project("{FAE04EC0-301F-11D3-BF4B-00C04F79EFBC}") = "Domain", "Domain\Domain.csproj", "{D0A30B5A-D409-43FF-B726-E73CF446585D}"
EndProject
Project("{FAE04EC0-301F-11D3-BF4B-00C04F79EFBC}") = "Persistence", "Persistence\Persistence.csproj", "{789F1288-01DA-4084-B28B-0528B1AB0620}"
EndProject
Project("{FAE04EC0-301F-11D3-BF4B-00C04F79EFBC}") = "Shared", "Shared\Shared.csproj", "{2400ECC4-25CE-444F-AB89-AEDF61E0796A}"
EndProject
Project("{FAE04EC0-301F-11D3-BF4B-00C04F79EFBC}") = "WebAPI", "WebAPI\WebAPI.csproj", "{0287A14A-1FF9-4FB1-864D-4C04AB098CD3}"
EndProject
Global
	GlobalSection(SolutionConfigurationPlatforms) = preSolution
		Debug|Any CPU = Debug|Any CPU
		Release|Any CPU = Release|Any CPU
	EndGlobalSection
	GlobalSection(ProjectConfigurationPlatforms) = postSolution
		{DA04CFF6-D2CA-408C-ABBB-33DBA74618A5}.Debug|Any CPU.ActiveCfg = Debug|Any CPU
		{DA04CFF6-D2CA-408C-ABBB-33DBA74618A5}.Debug|Any CPU.Build.0 = Debug|Any CPU
		{DA04CFF6-D2CA-408C-ABBB-33DBA74618A5}.Release|Any CPU.ActiveCfg = Release|Any CPU
		{DA04CFF6-D2CA-408C-ABBB-33DBA74618A5}.Release|Any CPU.Build.0 = Release|Any CPU
		{D0A30B5A-D409-43FF-B726-E73CF446585D}.Debug|Any CPU.ActiveCfg = Debug|Any CPU
		{D0A30B5A-D409-43FF-B726-E73CF446585D}.Debug|Any CPU.Build.0 = Debug|Any CPU
		{D0A30B5A-D409-43FF-B726-E73CF446585D}.Release|Any CPU.ActiveCfg = Release|Any CPU
		{D0A30B5A-D409-43FF-B726-E73CF446585D}.Release|Any CPU.Build.0 = Release|Any CPU
		{789F1288-01DA-4084-B28B-0528B1AB0620}.Debug|Any CPU.ActiveCfg = Debug|Any CPU
		{789F1288-01DA-4084-B28B-0528B1AB0620}.Debug|Any CPU.Build.0 = Debug|Any CPU
		{789F1288-01DA-4084-B28B-0528B1AB0620}.Release|Any CPU.ActiveCfg = Release|Any CPU
		{789F1288-01DA-4084-B28B-0528B1AB0620}.Release|Any CPU.Build.0 = Release|Any CPU
		{2400ECC4-25CE-444F-AB89-AEDF61E0796A}.Debug|Any CPU.ActiveCfg = Debug|Any CPU
		{2400ECC4-25CE-444F-AB89-AEDF61E0796A}.Debug|Any CPU.Build.0 = Debug|Any CPU
		{2400ECC4-25CE-444F-AB89-AEDF61E0796A}.Release|Any CPU.ActiveCfg = Release|Any CPU
		{2400ECC4-25CE-444F-AB89-AEDF61E0796A}.Release|Any CPU.Build.0 = Release|Any CPU
		{0287A14A-1FF9-4FB1-864D-4C04AB098CD3}.Debug|Any CPU.ActiveCfg = Debug|Any CPU
		{0287A14A-1FF9-4FB1-864D-4C04AB098CD3}.Debug|Any CPU.Build.0 = Debug|Any CPU
		{0287A14A-1FF9-4FB1-864D-4C04AB098CD3}.Release|Any CPU.ActiveCfg = Release|Any CPU
		{0287A14A-1FF9-4FB1-864D-4C04AB098CD3}.Release|Any CPU.Build.0 = Release|Any CPU
	EndGlobalSection
	GlobalSection(SolutionProperties) = preSolution
		HideSolutionNode = FALSE
	EndGlobalSection
	GlobalSection(NestedProjects) = preSolution
		{4879A85C-0C32-4E2D-8219-A600B87BC6CE} = {02EA681E-C7D8-13C7-8484-4AC65E1B71E8}
		{E4DE205A-5417-4370-9D81-9F914BBFD3DD} = {02EA681E-C7D8-13C7-8484-4AC65E1B71E8}
		{9FCB3D99-1CAF-402E-9C6C-E13CF15E8330} = {02EA681E-C7D8-13C7-8484-4AC65E1B71E8}
		{DA04CFF6-D2CA-408C-ABBB-33DBA74618A5} = {9FCB3D99-1CAF-402E-9C6C-E13CF15E8330}
		{D0A30B5A-D409-43FF-B726-E73CF446585D} = {9FCB3D99-1CAF-402E-9C6C-E13CF15E8330}
		{789F1288-01DA-4084-B28B-0528B1AB0620} = {4879A85C-0C32-4E2D-8219-A600B87BC6CE}
		{2400ECC4-25CE-444F-AB89-AEDF61E0796A} = {4879A85C-0C32-4E2D-8219-A600B87BC6CE}
		{0287A14A-1FF9-4FB1-864D-4C04AB098CD3} = {E4DE205A-5417-4370-9D81-9F914BBFD3DD}
	EndGlobalSection
	GlobalSection(ExtensibilityGlobals) = postSolution
		SolutionGuid = {065B0E15-0602-4A56-82CD-273AFA82331A}
	EndGlobalSection
EndGlobal
